// !$*UTF8*$!
{
	archiveVersion = 1;
	classes = {
	};
	objectVersion = 50;
	objects = {

/* Begin PBXBuildFile section */
		5130B3E724FBEFA0006ADEBB /* Alert_ExamplesApp.swift in Sources */ = {isa = PBXBuildFile; fileRef = 5130B3D424FBEF9D006ADEBB /* Alert_ExamplesApp.swift */; };
		5130B3E824FBEFA0006ADEBB /* Alert_ExamplesApp.swift in Sources */ = {isa = PBXBuildFile; fileRef = 5130B3D424FBEF9D006ADEBB /* Alert_ExamplesApp.swift */; };
		5130B3E924FBEFA0006ADEBB /* ContentView.swift in Sources */ = {isa = PBXBuildFile; fileRef = 5130B3D524FBEF9D006ADEBB /* ContentView.swift */; };
		5130B3EA24FBEFA0006ADEBB /* ContentView.swift in Sources */ = {isa = PBXBuildFile; fileRef = 5130B3D524FBEF9D006ADEBB /* ContentView.swift */; };
		5130B3EB24FBEFA0006ADEBB /* Assets.xcassets in Resources */ = {isa = PBXBuildFile; fileRef = 5130B3D624FBEFA0006ADEBB /* Assets.xcassets */; };
		5130B3EC24FBEFA0006ADEBB /* Assets.xcassets in Resources */ = {isa = PBXBuildFile; fileRef = 5130B3D624FBEFA0006ADEBB /* Assets.xcassets */; };
		5130B3F624FBEFB9006ADEBB /* SingleButtonAlertView.swift in Sources */ = {isa = PBXBuildFile; fileRef = 5130B3F524FBEFB9006ADEBB /* SingleButtonAlertView.swift */; };
		5130B3F724FBEFB9006ADEBB /* SingleButtonAlertView.swift in Sources */ = {isa = PBXBuildFile; fileRef = 5130B3F524FBEFB9006ADEBB /* SingleButtonAlertView.swift */; };
		5130B3F924FC0AA5006ADEBB /* TwoButtonAlertView.swift in Sources */ = {isa = PBXBuildFile; fileRef = 5130B3F824FC0AA5006ADEBB /* TwoButtonAlertView.swift */; };
		5130B3FA24FC0AA5006ADEBB /* TwoButtonAlertView.swift in Sources */ = {isa = PBXBuildFile; fileRef = 5130B3F824FC0AA5006ADEBB /* TwoButtonAlertView.swift */; };
/* End PBXBuildFile section */

/* Begin PBXFileReference section */
		5130B3D424FBEF9D006ADEBB /* Alert_ExamplesApp.swift */ = {isa = PBXFileReference; lastKnownFileType = sourcecode.swift; path = Alert_ExamplesApp.swift; sourceTree = "<group>"; };
		5130B3D524FBEF9D006ADEBB /* ContentView.swift */ = {isa = PBXFileReference; lastKnownFileType = sourcecode.swift; path = ContentView.swift; sourceTree = "<group>"; };
		5130B3D624FBEFA0006ADEBB /* Assets.xcassets */ = {isa = PBXFileReference; lastKnownFileType = folder.assetcatalog; path = Assets.xcassets; sourceTree = "<group>"; };
		5130B3DB24FBEFA0006ADEBB /* Alert Examples.app */ = {isa = PBXFileReference; explicitFileType = wrapper.application; includeInIndex = 0; path = "Alert Examples.app"; sourceTree = BUILT_PRODUCTS_DIR; };
		5130B3DE24FBEFA0006ADEBB /* Info.plist */ = {isa = PBXFileReference; lastKnownFileType = text.plist.xml; path = Info.plist; sourceTree = "<group>"; };
		5130B3E324FBEFA0006ADEBB /* Alert Examples.app */ = {isa = PBXFileReference; explicitFileType = wrapper.application; includeInIndex = 0; path = "Alert Examples.app"; sourceTree = BUILT_PRODUCTS_DIR; };
		5130B3E524FBEFA0006ADEBB /* Info.plist */ = {isa = PBXFileReference; lastKnownFileType = text.plist.xml; path = Info.plist; sourceTree = "<group>"; };
		5130B3E624FBEFA0006ADEBB /* macOS.entitlements */ = {isa = PBXFileReference; lastKnownFileType = text.plist.entitlements; path = macOS.entitlements; sourceTree = "<group>"; };
		5130B3F524FBEFB9006ADEBB /* SingleButtonAlertView.swift */ = {isa = PBXFileReference; lastKnownFileType = sourcecode.swift; path = SingleButtonAlertView.swift; sourceTree = "<group>"; };
		5130B3F824FC0AA5006ADEBB /* TwoButtonAlertView.swift */ = {isa = PBXFileReference; lastKnownFileType = sourcecode.swift; path = TwoButtonAlertView.swift; sourceTree = "<group>"; };
/* End PBXFileReference section */

/* Begin PBXFrameworksBuildPhase section */
		5130B3D824FBEFA0006ADEBB /* Frameworks */ = {
			isa = PBXFrameworksBuildPhase;
			buildActionMask = 2147483647;
			files = (
			);
			runOnlyForDeploymentPostprocessing = 0;
		};
		5130B3E024FBEFA0006ADEBB /* Frameworks */ = {
			isa = PBXFrameworksBuildPhase;
			buildActionMask = 2147483647;
			files = (
			);
			runOnlyForDeploymentPostprocessing = 0;
		};
/* End PBXFrameworksBuildPhase section */

/* Begin PBXGroup section */
		5130B3CE24FBEF9D006ADEBB = {
			isa = PBXGroup;
			children = (
				5130B3D324FBEF9D006ADEBB /* Shared */,
				5130B3DD24FBEFA0006ADEBB /* iOS */,
				5130B3E424FBEFA0006ADEBB /* macOS */,
				5130B3DC24FBEFA0006ADEBB /* Products */,
			);
			sourceTree = "<group>";
		};
		5130B3D324FBEF9D006ADEBB /* Shared */ = {
			isa = PBXGroup;
			children = (
				5130B3D424FBEF9D006ADEBB /* Alert_ExamplesApp.swift */,
				5130B3D524FBEF9D006ADEBB /* ContentView.swift */,
				5130B3F524FBEFB9006ADEBB /* SingleButtonAlertView.swift */,
				5130B3F824FC0AA5006ADEBB /* TwoButtonAlertView.swift */,
				5130B3D624FBEFA0006ADEBB /* Assets.xcassets */,
			);
			path = Shared;
			sourceTree = "<group>";
		};
		5130B3DC24FBEFA0006ADEBB /* Products */ = {
			isa = PBXGroup;
			children = (
				5130B3DB24FBEFA0006ADEBB /* Alert Examples.app */,
				5130B3E324FBEFA0006ADEBB /* Alert Examples.app */,
			);
			name = Products;
			sourceTree = "<group>";
		};
		5130B3DD24FBEFA0006ADEBB /* iOS */ = {
			isa = PBXGroup;
			children = (
				5130B3DE24FBEFA0006ADEBB /* Info.plist */,
			);
			path = iOS;
			sourceTree = "<group>";
		};
		5130B3E424FBEFA0006ADEBB /* macOS */ = {
			isa = PBXGroup;
			children = (
				5130B3E524FBEFA0006ADEBB /* Info.plist */,
				5130B3E624FBEFA0006ADEBB /* macOS.entitlements */,
			);
			path = macOS;
			sourceTree = "<group>";
		};
/* End PBXGroup section */

/* Begin PBXNativeTarget section */
		5130B3DA24FBEFA0006ADEBB /* Alert Examples (iOS) */ = {
			isa = PBXNativeTarget;
			buildConfigurationList = 5130B3EF24FBEFA0006ADEBB /* Build configuration list for PBXNativeTarget "Alert Examples (iOS)" */;
			buildPhases = (
				5130B3D724FBEFA0006ADEBB /* Sources */,
				5130B3D824FBEFA0006ADEBB /* Frameworks */,
				5130B3D924FBEFA0006ADEBB /* Resources */,
			);
			buildRules = (
			);
			dependencies = (
			);
			name = "Alert Examples (iOS)";
			productName = "Alert Examples (iOS)";
			productReference = 5130B3DB24FBEFA0006ADEBB /* Alert Examples.app */;
			productType = "com.apple.product-type.application";
		};
		5130B3E224FBEFA0006ADEBB /* Alert Examples (macOS) */ = {
			isa = PBXNativeTarget;
			buildConfigurationList = 5130B3F224FBEFA0006ADEBB /* Build configuration list for PBXNativeTarget "Alert Examples (macOS)" */;
			buildPhases = (
				5130B3DF24FBEFA0006ADEBB /* Sources */,
				5130B3E024FBEFA0006ADEBB /* Frameworks */,
				5130B3E124FBEFA0006ADEBB /* Resources */,
			);
			buildRules = (
			);
			dependencies = (
			);
			name = "Alert Examples (macOS)";
			productName = "Alert Examples (macOS)";
			productReference = 5130B3E324FBEFA0006ADEBB /* Alert Examples.app */;
			productType = "com.apple.product-type.application";
		};
/* End PBXNativeTarget section */

/* Begin PBXProject section */
		5130B3CF24FBEF9D006ADEBB /* Project object */ = {
			isa = PBXProject;
			attributes = {
				LastSwiftUpdateCheck = 1200;
				LastUpgradeCheck = 1200;
				TargetAttributes = {
					5130B3DA24FBEFA0006ADEBB = {
						CreatedOnToolsVersion = 12.0;
					};
					5130B3E224FBEFA0006ADEBB = {
						CreatedOnToolsVersion = 12.0;
					};
				};
			};
			buildConfigurationList = 5130B3D224FBEF9D006ADEBB /* Build configuration list for PBXProject "Alert Examples" */;
			compatibilityVersion = "Xcode 9.3";
			developmentRegion = en;
			hasScannedForEncodings = 0;
			knownRegions = (
				en,
				Base,
			);
			mainGroup = 5130B3CE24FBEF9D006ADEBB;
			productRefGroup = 5130B3DC24FBEFA0006ADEBB /* Products */;
			projectDirPath = "";
			projectRoot = "";
			targets = (
				5130B3DA24FBEFA0006ADEBB /* Alert Examples (iOS) */,
				5130B3E224FBEFA0006ADEBB /* Alert Examples (macOS) */,
			);
		};
/* End PBXProject section */

/* Begin PBXResourcesBuildPhase section */
		5130B3D924FBEFA0006ADEBB /* Resources */ = {
			isa = PBXResourcesBuildPhase;
			buildActionMask = 2147483647;
			files = (
				5130B3EB24FBEFA0006ADEBB /* Assets.xcassets in Resources */,
			);
			runOnlyForDeploymentPostprocessing = 0;
		};
		5130B3E124FBEFA0006ADEBB /* Resources */ = {
			isa = PBXResourcesBuildPhase;
			buildActionMask = 2147483647;
			files = (
				5130B3EC24FBEFA0006ADEBB /* Assets.xcassets in Resources */,
			);
			runOnlyForDeploymentPostprocessing = 0;
		};
/* End PBXResourcesBuildPhase section */

/* Begin PBXSourcesBuildPhase section */
		5130B3D724FBEFA0006ADEBB /* Sources */ = {
			isa = PBXSourcesBuildPhase;
			buildActionMask = 2147483647;
			files = (
				5130B3F924FC0AA5006ADEBB /* TwoButtonAlertView.swift in Sources */,
				5130B3E924FBEFA0006ADEBB /* ContentView.swift in Sources */,
				5130B3E724FBEFA0006ADEBB /* Alert_ExamplesApp.swift in Sources */,
				5130B3F624FBEFB9006ADEBB /* SingleButtonAlertView.swift in Sources */,
			);
			runOnlyForDeploymentPostprocessing = 0;
		};
		5130B3DF24FBEFA0006ADEBB /* Sources */ = {
			isa = PBXSourcesBuildPhase;
			buildActionMask = 2147483647;
			files = (
				5130B3FA24FC0AA5006ADEBB /* TwoButtonAlertView.swift in Sources */,
				5130B3EA24FBEFA0006ADEBB /* ContentView.swift in Sources */,
				5130B3E824FBEFA0006ADEBB /* Alert_ExamplesApp.swift in Sources */,
				5130B3F724FBEFB9006ADEBB /* SingleButtonAlertView.swift in Sources */,
			);
			runOnlyForDeploymentPostprocessing = 0;
		};
/* End PBXSourcesBuildPhase section */

/* Begin XCBuildConfiguration section */
		5130B3ED24FBEFA0006ADEBB /* Debug */ = {
			isa = XCBuildConfiguration;
			buildSettings = {
				ALWAYS_SEARCH_USER_PATHS = NO;
				CLANG_ANALYZER_NONNULL = YES;
				CLANG_ANALYZER_NUMBER_OBJECT_CONVERSION = YES_AGGRESSIVE;
				CLANG_CXX_LANGUAGE_STANDARD = "gnu++14";
				CLANG_CXX_LIBRARY = "libc++";
				CLANG_ENABLE_MODULES = YES;
				CLANG_ENABLE_OBJC_ARC = YES;
				CLANG_ENABLE_OBJC_WEAK = YES;
				CLANG_WARN_BLOCK_CAPTURE_AUTORELEASING = YES;
				CLANG_WARN_BOOL_CONVERSION = YES;
				CLANG_WARN_COMMA = YES;
				CLANG_WARN_CONSTANT_CONVERSION = YES;
				CLANG_WARN_DEPRECATED_OBJC_IMPLEMENTATIONS = YES;
				CLANG_WARN_DIRECT_OBJC_ISA_USAGE = YES_ERROR;
				CLANG_WARN_DOCUMENTATION_COMMENTS = YES;
				CLANG_WARN_EMPTY_BODY = YES;
				CLANG_WARN_ENUM_CONVERSION = YES;
				CLANG_WARN_INFINITE_RECURSION = YES;
				CLANG_WARN_INT_CONVERSION = YES;
				CLANG_WARN_NON_LITERAL_NULL_CONVERSION = YES;
				CLANG_WARN_OBJC_IMPLICIT_RETAIN_SELF = YES;
				CLANG_WARN_OBJC_LITERAL_CONVERSION = YES;
				CLANG_WARN_OBJC_ROOT_CLASS = YES_ERROR;
				CLANG_WARN_QUOTED_INCLUDE_IN_FRAMEWORK_HEADER = YES;
				CLANG_WARN_RANGE_LOOP_ANALYSIS = YES;
				CLANG_WARN_STRICT_PROTOTYPES = YES;
				CLANG_WARN_SUSPICIOUS_MOVE = YES;
				CLANG_WARN_UNGUARDED_AVAILABILITY = YES_AGGRESSIVE;
				CLANG_WARN_UNREACHABLE_CODE = YES;
				CLANG_WARN__DUPLICATE_METHOD_MATCH = YES;
				COPY_PHASE_STRIP = NO;
				DEBUG_INFORMATION_FORMAT = dwarf;
				ENABLE_STRICT_OBJC_MSGSEND = YES;
				ENABLE_TESTABILITY = YES;
				GCC_C_LANGUAGE_STANDARD = gnu11;
				GCC_DYNAMIC_NO_PIC = NO;
				GCC_NO_COMMON_BLOCKS = YES;
				GCC_OPTIMIZATION_LEVEL = 0;
				GCC_PREPROCESSOR_DEFINITIONS = (
					"DEBUG=1",
					"$(inherited)",
				);
				GCC_WARN_64_TO_32_BIT_CONVERSION = YES;
				GCC_WARN_ABOUT_RETURN_TYPE = YES_ERROR;
				GCC_WARN_UNDECLARED_SELECTOR = YES;
				GCC_WARN_UNINITIALIZED_AUTOS = YES_AGGRESSIVE;
				GCC_WARN_UNUSED_FUNCTION = YES;
				GCC_WARN_UNUSED_VARIABLE = YES;
				MTL_ENABLE_DEBUG_INFO = INCLUDE_SOURCE;
				MTL_FAST_MATH = YES;
				ONLY_ACTIVE_ARCH = YES;
				SWIFT_ACTIVE_COMPILATION_CONDITIONS = DEBUG;
				SWIFT_OPTIMIZATION_LEVEL = "-Onone";
			};
			name = Debug;
		};
		5130B3EE24FBEFA0006ADEBB /* Release */ = {
			isa = XCBuildConfiguration;
			buildSettings = {
				ALWAYS_SEARCH_USER_PATHS = NO;
				CLANG_ANALYZER_NONNULL = YES;
				CLANG_ANALYZER_NUMBER_OBJECT_CONVERSION = YES_AGGRESSIVE;
				CLANG_CXX_LANGUAGE_STANDARD = "gnu++14";
				CLANG_CXX_LIBRARY = "libc++";
				CLANG_ENABLE_MODULES = YES;
				CLANG_ENABLE_OBJC_ARC = YES;
				CLANG_ENABLE_OBJC_WEAK = YES;
				CLANG_WARN_BLOCK_CAPTURE_AUTORELEASING = YES;
				CLANG_WARN_BOOL_CONVERSION = YES;
				CLANG_WARN_COMMA = YES;
				CLANG_WARN_CONSTANT_CONVERSION = YES;
				CLANG_WARN_DEPRECATED_OBJC_IMPLEMENTATIONS = YES;
				CLANG_WARN_DIRECT_OBJC_ISA_USAGE = YES_ERROR;
				CLANG_WARN_DOCUMENTATION_COMMENTS = YES;
				CLANG_WARN_EMPTY_BODY = YES;
				CLANG_WARN_ENUM_CONVERSION = YES;
				CLANG_WARN_INFINITE_RECURSION = YES;
				CLANG_WARN_INT_CONVERSION = YES;
				CLANG_WARN_NON_LITERAL_NULL_CONVERSION = YES;
				CLANG_WARN_OBJC_IMPLICIT_RETAIN_SELF = YES;
				CLANG_WARN_OBJC_LITERAL_CONVERSION = YES;
				CLANG_WARN_OBJC_ROOT_CLASS = YES_ERROR;
				CLANG_WARN_QUOTED_INCLUDE_IN_FRAMEWORK_HEADER = YES;
				CLANG_WARN_RANGE_LOOP_ANALYSIS = YES;
				CLANG_WARN_STRICT_PROTOTYPES = YES;
				CLANG_WARN_SUSPICIOUS_MOVE = YES;
				CLANG_WARN_UNGUARDED_AVAILABILITY = YES_AGGRESSIVE;
				CLANG_WARN_UNREACHABLE_CODE = YES;
				CLANG_WARN__DUPLICATE_METHOD_MATCH = YES;
				COPY_PHASE_STRIP = NO;
				DEBUG_INFORMATION_FORMAT = "dwarf-with-dsym";
				ENABLE_NS_ASSERTIONS = NO;
				ENABLE_STRICT_OBJC_MSGSEND = YES;
				GCC_C_LANGUAGE_STANDARD = gnu11;
				GCC_NO_COMMON_BLOCKS = YES;
				GCC_WARN_64_TO_32_BIT_CONVERSION = YES;
				GCC_WARN_ABOUT_RETURN_TYPE = YES_ERROR;
				GCC_WARN_UNDECLARED_SELECTOR = YES;
				GCC_WARN_UNINITIALIZED_AUTOS = YES_AGGRESSIVE;
				GCC_WARN_UNUSED_FUNCTION = YES;
				GCC_WARN_UNUSED_VARIABLE = YES;
				MTL_ENABLE_DEBUG_INFO = NO;
				MTL_FAST_MATH = YES;
				SWIFT_COMPILATION_MODE = wholemodule;
				SWIFT_OPTIMIZATION_LEVEL = "-O";
			};
			name = Release;
		};
		5130B3F024FBEFA0006ADEBB /* Debug */ = {
			isa = XCBuildConfiguration;
			buildSettings = {
				ASSETCATALOG_COMPILER_APPICON_NAME = AppIcon;
				ASSETCATALOG_COMPILER_GLOBAL_ACCENT_COLOR_NAME = AccentColor;
				CODE_SIGN_STYLE = Automatic;
				DEVELOPMENT_TEAM = R77BD8MPA8;
				ENABLE_PREVIEWS = YES;
				INFOPLIST_FILE = iOS/Info.plist;
				IPHONEOS_DEPLOYMENT_TARGET = 14.0;
				LD_RUNPATH_SEARCH_PATHS = (
					"$(inherited)",
					"@executable_path/Frameworks",
				);
				PRODUCT_BUNDLE_IDENTIFIER = "com.mazharul.huq.Alert-Examples";
				PRODUCT_NAME = "Alert Examples";
				SDKROOT = iphoneos;
				SWIFT_VERSION = 5.0;
				TARGETED_DEVICE_FAMILY = "1,2";
			};
			name = Debug;
		};
		5130B3F124FBEFA0006ADEBB /* Release */ = {
			isa = XCBuildConfiguration;
			buildSettings = {
				ASSETCATALOG_COMPILER_APPICON_NAME = AppIcon;
				ASSETCATALOG_COMPILER_GLOBAL_ACCENT_COLOR_NAME = AccentColor;
				CODE_SIGN_STYLE = Automatic;
				DEVELOPMENT_TEAM = R77BD8MPA8;
				ENABLE_PREVIEWS = YES;
				INFOPLIST_FILE = iOS/Info.plist;
				IPHONEOS_DEPLOYMENT_TARGET = 14.0;
				LD_RUNPATH_SEARCH_PATHS = (
					"$(inherited)",
					"@executable_path/Frameworks",
				);
				PRODUCT_BUNDLE_IDENTIFIER = "com.mazharul.huq.Alert-Examples";
				PRODUCT_NAME = "Alert Examples";
				SDKROOT = iphoneos;
				SWIFT_VERSION = 5.0;
				TARGETED_DEVICE_FAMILY = "1,2";
				VALIDATE_PRODUCT = YES;
			};
			name = Release;
		};
		5130B3F324FBEFA0006ADEBB /* Debug */ = {
			isa = XCBuildConfiguration;
			buildSettings = {
				ASSETCATALOG_COMPILER_APPICON_NAME = AppIcon;
				ASSETCATALOG_COMPILER_GLOBAL_ACCENT_COLOR_NAME = AccentColor;
				CODE_SIGN_ENTITLEMENTS = macOS/macOS.entitlements;
				CODE_SIGN_STYLE = Automatic;
				COMBINE_HIDPI_IMAGES = YES;
				DEVELOPMENT_TEAM = R77BD8MPA8;
				ENABLE_HARDENED_RUNTIME = YES;
				ENABLE_PREVIEWS = YES;
				INFOPLIST_FILE = macOS/Info.plist;
				LD_RUNPATH_SEARCH_PATHS = (
					"$(inherited)",
					"@executable_path/../Frameworks",
				);
				MACOSX_DEPLOYMENT_TARGET = 11.0;
				PRODUCT_BUNDLE_IDENTIFIER = "com.mazharul.huq.Alert-Examples";
				PRODUCT_NAME = "Alert Examples";
				SDKROOT = macosx;
				SWIFT_VERSION = 5.0;
			};
			name = Debug;
		};
		5130B3F424FBEFA0006ADEBB /* Release */ = {
			isa = XCBuildConfiguration;
			buildSettings = {
				ASSETCATALOG_COMPILER_APPICON_NAME = AppIcon;
				ASSETCATALOG_COMPILER_GLOBAL_ACCENT_COLOR_NAME = AccentColor;
				CODE_SIGN_ENTITLEMENTS = macOS/macOS.entitlements;
				CODE_SIGN_STYLE = Automatic;
				COMBINE_HIDPI_IMAGES = YES;
				DEVELOPMENT_TEAM = R77BD8MPA8;
				ENABLE_HARDENED_RUNTIME = YES;
				ENABLE_PREVIEWS = YES;
				INFOPLIST_FILE = macOS/Info.plist;
				LD_RUNPATH_SEARCH_PATHS = (
					"$(inherited)",
					"@executable_path/../Frameworks",
				);
				MACOSX_DEPLOYMENT_TARGET = 11.0;
				PRODUCT_BUNDLE_IDENTIFIER = "com.mazharul.huq.Alert-Examples";
				PRODUCT_NAME = "Alert Examples";
				SDKROOT = macosx;
				SWIFT_VERSION = 5.0;
			};
			name = Release;
		};
/* End XCBuildConfiguration section */

/* Begin XCConfigurationList section */
		5130B3D224FBEF9D006ADEBB /* Build configuration list for PBXProject "Alert Examples" */ = {
			isa = XCConfigurationList;
			buildConfigurations = (
				5130B3ED24FBEFA0006ADEBB /* Debug */,
				5130B3EE24FBEFA0006ADEBB /* Release */,
			);
			defaultConfigurationIsVisible = 0;
			defaultConfigurationName = Release;
		};
		5130B3EF24FBEFA0006ADEBB /* Build configuration list for PBXNativeTarget "Alert Examples (iOS)" */ = {
			isa = XCConfigurationList;
			buildConfigurations = (
				5130B3F024FBEFA0006ADEBB /* Debug */,
				5130B3F124FBEFA0006ADEBB /* Release */,
			);
			defaultConfigurationIsVisible = 0;
			defaultConfigurationName = Release;
		};
		5130B3F224FBEFA0006ADEBB /* Build configuration list for PBXNativeTarget "Alert Examples (macOS)" */ = {
			isa = XCConfigurationList;
			buildConfigurations = (
				5130B3F324FBEFA0006ADEBB /* Debug */,
				5130B3F424FBEFA0006ADEBB /* Release */,
			);
			defaultConfigurationIsVisible = 0;
			defaultConfigurationName = Release;
		};
/* End XCConfigurationList section */
	};
	rootObject = 5130B3CF24FBEF9D006ADEBB /* Project object */;
}
